// !$*UTF8*$!
{
	archiveVersion = 1;
	classes = {
	};
	objectVersion = 50;
	objects = {

/* Begin PBXBuildFile section */
		1AC9949D25A50C720051C6EF /* HeartsApp.swift in Sources */ = {isa = PBXBuildFile; fileRef = 1AC9949C25A50C720051C6EF /* HeartsApp.swift */; };
		1AC9949F25A50C720051C6EF /* ContentView.swift in Sources */ = {isa = PBXBuildFile; fileRef = 1AC9949E25A50C720051C6EF /* ContentView.swift */; };
		1AC994A125A50C730051C6EF /* Assets.xcassets in Resources */ = {isa = PBXBuildFile; fileRef = 1AC994A025A50C730051C6EF /* Assets.xcassets */; };
		1AC994A425A50C730051C6EF /* Preview Assets.xcassets in Resources */ = {isa = PBXBuildFile; fileRef = 1AC994A325A50C730051C6EF /* Preview Assets.xcassets */; };
		1AC994A625A50C730051C6EF /* Persistence.swift in Sources */ = {isa = PBXBuildFile; fileRef = 1AC994A525A50C730051C6EF /* Persistence.swift */; };
		1AC994A925A50C730051C6EF /* Hearts.xcdatamodeld in Sources */ = {isa = PBXBuildFile; fileRef = 1AC994A725A50C730051C6EF /* Hearts.xcdatamodeld */; };
		1AC994B425A50C730051C6EF /* HeartsTests.swift in Sources */ = {isa = PBXBuildFile; fileRef = 1AC994B325A50C730051C6EF /* HeartsTests.swift */; };
		1AC994BF25A50C730051C6EF /* HeartsUITests.swift in Sources */ = {isa = PBXBuildFile; fileRef = 1AC994BE25A50C730051C6EF /* HeartsUITests.swift */; };
/* End PBXBuildFile section */

/* Begin PBXContainerItemProxy section */
		1AC994B025A50C730051C6EF /* PBXContainerItemProxy */ = {
			isa = PBXContainerItemProxy;
			containerPortal = 1AC9949125A50C720051C6EF /* Project object */;
			proxyType = 1;
			remoteGlobalIDString = 1AC9949825A50C720051C6EF;
			remoteInfo = Hearts;
		};
		1AC994BB25A50C730051C6EF /* PBXContainerItemProxy */ = {
			isa = PBXContainerItemProxy;
			containerPortal = 1AC9949125A50C720051C6EF /* Project object */;
			proxyType = 1;
			remoteGlobalIDString = 1AC9949825A50C720051C6EF;
			remoteInfo = Hearts;
		};
/* End PBXContainerItemProxy section */

/* Begin PBXFileReference section */
		1AC9949925A50C720051C6EF /* Hearts.app */ = {isa = PBXFileReference; explicitFileType = wrapper.application; includeInIndex = 0; path = Hearts.app; sourceTree = BUILT_PRODUCTS_DIR; };
		1AC9949C25A50C720051C6EF /* HeartsApp.swift */ = {isa = PBXFileReference; lastKnownFileType = sourcecode.swift; path = HeartsApp.swift; sourceTree = "<group>"; };
		1AC9949E25A50C720051C6EF /* ContentView.swift */ = {isa = PBXFileReference; lastKnownFileType = sourcecode.swift; path = ContentView.swift; sourceTree = "<group>"; };
		1AC994A025A50C730051C6EF /* Assets.xcassets */ = {isa = PBXFileReference; lastKnownFileType = folder.assetcatalog; path = Assets.xcassets; sourceTree = "<group>"; };
		1AC994A325A50C730051C6EF /* Preview Assets.xcassets */ = {isa = PBXFileReference; lastKnownFileType = folder.assetcatalog; path = "Preview Assets.xcassets"; sourceTree = "<group>"; };
		1AC994A525A50C730051C6EF /* Persistence.swift */ = {isa = PBXFileReference; lastKnownFileType = sourcecode.swift; path = Persistence.swift; sourceTree = "<group>"; };
		1AC994A825A50C730051C6EF /* Hearts.xcdatamodel */ = {isa = PBXFileReference; lastKnownFileType = wrapper.xcdatamodel; path = Hearts.xcdatamodel; sourceTree = "<group>"; };
		1AC994AA25A50C730051C6EF /* Info.plist */ = {isa = PBXFileReference; lastKnownFileType = text.plist.xml; path = Info.plist; sourceTree = "<group>"; };
		1AC994AF25A50C730051C6EF /* HeartsTests.xctest */ = {isa = PBXFileReference; explicitFileType = wrapper.cfbundle; includeInIndex = 0; path = HeartsTests.xctest; sourceTree = BUILT_PRODUCTS_DIR; };
		1AC994B325A50C730051C6EF /* HeartsTests.swift */ = {isa = PBXFileReference; lastKnownFileType = sourcecode.swift; path = HeartsTests.swift; sourceTree = "<group>"; };
		1AC994B525A50C730051C6EF /* Info.plist */ = {isa = PBXFileReference; lastKnownFileType = text.plist.xml; path = Info.plist; sourceTree = "<group>"; };
		1AC994BA25A50C730051C6EF /* HeartsUITests.xctest */ = {isa = PBXFileReference; explicitFileType = wrapper.cfbundle; includeInIndex = 0; path = HeartsUITests.xctest; sourceTree = BUILT_PRODUCTS_DIR; };
		1AC994BE25A50C730051C6EF /* HeartsUITests.swift */ = {isa = PBXFileReference; lastKnownFileType = sourcecode.swift; path = HeartsUITests.swift; sourceTree = "<group>"; };
		1AC994C025A50C730051C6EF /* Info.plist */ = {isa = PBXFileReference; lastKnownFileType = text.plist.xml; path = Info.plist; sourceTree = "<group>"; };
/* End PBXFileReference section */

/* Begin PBXFrameworksBuildPhase section */
		1AC9949625A50C720051C6EF /* Frameworks */ = {
			isa = PBXFrameworksBuildPhase;
			buildActionMask = 2147483647;
			files = (
			);
			runOnlyForDeploymentPostprocessing = 0;
		};
		1AC994AC25A50C730051C6EF /* Frameworks */ = {
			isa = PBXFrameworksBuildPhase;
			buildActionMask = 2147483647;
			files = (
			);
			runOnlyForDeploymentPostprocessing = 0;
		};
		1AC994B725A50C730051C6EF /* Frameworks */ = {
			isa = PBXFrameworksBuildPhase;
			buildActionMask = 2147483647;
			files = (
			);
			runOnlyForDeploymentPostprocessing = 0;
		};
/* End PBXFrameworksBuildPhase section */

/* Begin PBXGroup section */
		1AC9949025A50C720051C6EF = {
			isa = PBXGroup;
			children = (
				1AC9949B25A50C720051C6EF /* Hearts */,
				1AC994B225A50C730051C6EF /* HeartsTests */,
				1AC994BD25A50C730051C6EF /* HeartsUITests */,
				1AC9949A25A50C720051C6EF /* Products */,
			);
			sourceTree = "<group>";
		};
		1AC9949A25A50C720051C6EF /* Products */ = {
			isa = PBXGroup;
			children = (
				1AC9949925A50C720051C6EF /* Hearts.app */,
				1AC994AF25A50C730051C6EF /* HeartsTests.xctest */,
				1AC994BA25A50C730051C6EF /* HeartsUITests.xctest */,
			);
			name = Products;
			sourceTree = "<group>";
		};
		1AC9949B25A50C720051C6EF /* Hearts */ = {
			isa = PBXGroup;
			children = (
				1AC9949C25A50C720051C6EF /* HeartsApp.swift */,
				1AC9949E25A50C720051C6EF /* ContentView.swift */,
				1AC994A025A50C730051C6EF /* Assets.xcassets */,
				1AC994A525A50C730051C6EF /* Persistence.swift */,
				1AC994AA25A50C730051C6EF /* Info.plist */,
				1AC994A725A50C730051C6EF /* Hearts.xcdatamodeld */,
				1AC994A225A50C730051C6EF /* Preview Content */,
			);
			path = Hearts;
			sourceTree = "<group>";
		};
		1AC994A225A50C730051C6EF /* Preview Content */ = {
			isa = PBXGroup;
			children = (
				1AC994A325A50C730051C6EF /* Preview Assets.xcassets */,
			);
			path = "Preview Content";
			sourceTree = "<group>";
		};
		1AC994B225A50C730051C6EF /* HeartsTests */ = {
			isa = PBXGroup;
			children = (
				1AC994B325A50C730051C6EF /* HeartsTests.swift */,
				1AC994B525A50C730051C6EF /* Info.plist */,
			);
			path = HeartsTests;
			sourceTree = "<group>";
		};
		1AC994BD25A50C730051C6EF /* HeartsUITests */ = {
			isa = PBXGroup;
			children = (
				1AC994BE25A50C730051C6EF /* HeartsUITests.swift */,
				1AC994C025A50C730051C6EF /* Info.plist */,
			);
			path = HeartsUITests;
			sourceTree = "<group>";
		};
/* End PBXGroup section */

/* Begin PBXNativeTarget section */
		1AC9949825A50C720051C6EF /* Hearts */ = {
			isa = PBXNativeTarget;
			buildConfigurationList = 1AC994C325A50C730051C6EF /* Build configuration list for PBXNativeTarget "Hearts" */;
			buildPhases = (
				1AC9949525A50C720051C6EF /* Sources */,
				1AC9949625A50C720051C6EF /* Frameworks */,
				1AC9949725A50C720051C6EF /* Resources */,
			);
			buildRules = (
			);
			dependencies = (
			);
			name = Hearts;
			productName = Hearts;
			productReference = 1AC9949925A50C720051C6EF /* Hearts.app */;
			productType = "com.apple.product-type.application";
		};
		1AC994AE25A50C730051C6EF /* HeartsTests */ = {
			isa = PBXNativeTarget;
			buildConfigurationList = 1AC994C625A50C730051C6EF /* Build configuration list for PBXNativeTarget "HeartsTests" */;
			buildPhases = (
				1AC994AB25A50C730051C6EF /* Sources */,
				1AC994AC25A50C730051C6EF /* Frameworks */,
				1AC994AD25A50C730051C6EF /* Resources */,
			);
			buildRules = (
			);
			dependencies = (
				1AC994B125A50C730051C6EF /* PBXTargetDependency */,
			);
			name = HeartsTests;
			productName = HeartsTests;
			productReference = 1AC994AF25A50C730051C6EF /* HeartsTests.xctest */;
			productType = "com.apple.product-type.bundle.unit-test";
		};
		1AC994B925A50C730051C6EF /* HeartsUITests */ = {
			isa = PBXNativeTarget;
			buildConfigurationList = 1AC994C925A50C730051C6EF /* Build configuration list for PBXNativeTarget "HeartsUITests" */;
			buildPhases = (
				1AC994B625A50C730051C6EF /* Sources */,
				1AC994B725A50C730051C6EF /* Frameworks */,
				1AC994B825A50C730051C6EF /* Resources */,
			);
			buildRules = (
			);
			dependencies = (
				1AC994BC25A50C730051C6EF /* PBXTargetDependency */,
			);
			name = HeartsUITests;
			productName = HeartsUITests;
			productReference = 1AC994BA25A50C730051C6EF /* HeartsUITests.xctest */;
			productType = "com.apple.product-type.bundle.ui-testing";
		};
/* End PBXNativeTarget section */

/* Begin PBXProject section */
		1AC9949125A50C720051C6EF /* Project object */ = {
			isa = PBXProject;
			attributes = {
				LastSwiftUpdateCheck = 1230;
				LastUpgradeCheck = 1230;
				TargetAttributes = {
					1AC9949825A50C720051C6EF = {
						CreatedOnToolsVersion = 12.3;
					};
					1AC994AE25A50C730051C6EF = {
						CreatedOnToolsVersion = 12.3;
						TestTargetID = 1AC9949825A50C720051C6EF;
					};
					1AC994B925A50C730051C6EF = {
						CreatedOnToolsVersion = 12.3;
						TestTargetID = 1AC9949825A50C720051C6EF;
					};
				};
			};
			buildConfigurationList = 1AC9949425A50C720051C6EF /* Build configuration list for PBXProject "Hearts" */;
			compatibilityVersion = "Xcode 9.3";
			developmentRegion = en;
			hasScannedForEncodings = 0;
			knownRegions = (
				en,
				Base,
			);
			mainGroup = 1AC9949025A50C720051C6EF;
			productRefGroup = 1AC9949A25A50C720051C6EF /* Products */;
			projectDirPath = "";
			projectRoot = "";
			targets = (
				1AC9949825A50C720051C6EF /* Hearts */,
				1AC994AE25A50C730051C6EF /* HeartsTests */,
				1AC994B925A50C730051C6EF /* HeartsUITests */,
			);
		};
/* End PBXProject section */

/* Begin PBXResourcesBuildPhase section */
		1AC9949725A50C720051C6EF /* Resources */ = {
			isa = PBXResourcesBuildPhase;
			buildActionMask = 2147483647;
			files = (
				1AC994A425A50C730051C6EF /* Preview Assets.xcassets in Resources */,
				1AC994A125A50C730051C6EF /* Assets.xcassets in Resources */,
			);
			runOnlyForDeploymentPostprocessing = 0;
		};
		1AC994AD25A50C730051C6EF /* Resources */ = {
			isa = PBXResourcesBuildPhase;
			buildActionMask = 2147483647;
			files = (
			);
			runOnlyForDeploymentPostprocessing = 0;
		};
		1AC994B825A50C730051C6EF /* Resources */ = {
			isa = PBXResourcesBuildPhase;
			buildActionMask = 2147483647;
			files = (
			);
			runOnlyForDeploymentPostprocessing = 0;
		};
/* End PBXResourcesBuildPhase section */

/* Begin PBXSourcesBuildPhase section */
		1AC9949525A50C720051C6EF /* Sources */ = {
			isa = PBXSourcesBuildPhase;
			buildActionMask = 2147483647;
			files = (
				1AC994A625A50C730051C6EF /* Persistence.swift in Sources */,
				1AC9949F25A50C720051C6EF /* ContentView.swift in Sources */,
				1AC994A925A50C730051C6EF /* Hearts.xcdatamodeld in Sources */,
				1AC9949D25A50C720051C6EF /* HeartsApp.swift in Sources */,
			);
			runOnlyForDeploymentPostprocessing = 0;
		};
		1AC994AB25A50C730051C6EF /* Sources */ = {
			isa = PBXSourcesBuildPhase;
			buildActionMask = 2147483647;
			files = (
				1AC994B425A50C730051C6EF /* HeartsTests.swift in Sources */,
			);
			runOnlyForDeploymentPostprocessing = 0;
		};
		1AC994B625A50C730051C6EF /* Sources */ = {
			isa = PBXSourcesBuildPhase;
			buildActionMask = 2147483647;
			files = (
				1AC994BF25A50C730051C6EF /* HeartsUITests.swift in Sources */,
			);
			runOnlyForDeploymentPostprocessing = 0;
		};
/* End PBXSourcesBuildPhase section */

/* Begin PBXTargetDependency section */
		1AC994B125A50C730051C6EF /* PBXTargetDependency */ = {
			isa = PBXTargetDependency;
			target = 1AC9949825A50C720051C6EF /* Hearts */;
			targetProxy = 1AC994B025A50C730051C6EF /* PBXContainerItemProxy */;
		};
		1AC994BC25A50C730051C6EF /* PBXTargetDependency */ = {
			isa = PBXTargetDependency;
			target = 1AC9949825A50C720051C6EF /* Hearts */;
			targetProxy = 1AC994BB25A50C730051C6EF /* PBXContainerItemProxy */;
		};
/* End PBXTargetDependency section */

/* Begin XCBuildConfiguration section */
		1AC994C125A50C730051C6EF /* Debug */ = {
			isa = XCBuildConfiguration;
			buildSettings = {
				ALWAYS_SEARCH_USER_PATHS = NO;
				CLANG_ANALYZER_NONNULL = YES;
				CLANG_ANALYZER_NUMBER_OBJECT_CONVERSION = YES_AGGRESSIVE;
				CLANG_CXX_LANGUAGE_STANDARD = "gnu++14";
				CLANG_CXX_LIBRARY = "libc++";
				CLANG_ENABLE_MODULES = YES;
				CLANG_ENABLE_OBJC_ARC = YES;
				CLANG_ENABLE_OBJC_WEAK = YES;
				CLANG_WARN_BLOCK_CAPTURE_AUTORELEASING = YES;
				CLANG_WARN_BOOL_CONVERSION = YES;
				CLANG_WARN_COMMA = YES;
				CLANG_WARN_CONSTANT_CONVERSION = YES;
				CLANG_WARN_DEPRECATED_OBJC_IMPLEMENTATIONS = YES;
				CLANG_WARN_DIRECT_OBJC_ISA_USAGE = YES_ERROR;
				CLANG_WARN_DOCUMENTATION_COMMENTS = YES;
				CLANG_WARN_EMPTY_BODY = YES;
				CLANG_WARN_ENUM_CONVERSION = YES;
				CLANG_WARN_INFINITE_RECURSION = YES;
				CLANG_WARN_INT_CONVERSION = YES;
				CLANG_WARN_NON_LITERAL_NULL_CONVERSION = YES;
				CLANG_WARN_OBJC_IMPLICIT_RETAIN_SELF = YES;
				CLANG_WARN_OBJC_LITERAL_CONVERSION = YES;
				CLANG_WARN_OBJC_ROOT_CLASS = YES_ERROR;
				CLANG_WARN_QUOTED_INCLUDE_IN_FRAMEWORK_HEADER = YES;
				CLANG_WARN_RANGE_LOOP_ANALYSIS = YES;
				CLANG_WARN_STRICT_PROTOTYPES = YES;
				CLANG_WARN_SUSPICIOUS_MOVE = YES;
				CLANG_WARN_UNGUARDED_AVAILABILITY = YES_AGGRESSIVE;
				CLANG_WARN_UNREACHABLE_CODE = YES;
				CLANG_WARN__DUPLICATE_METHOD_MATCH = YES;
				COPY_PHASE_STRIP = NO;
				DEBUG_INFORMATION_FORMAT = dwarf;
				ENABLE_STRICT_OBJC_MSGSEND = YES;
				ENABLE_TESTABILITY = YES;
				GCC_C_LANGUAGE_STANDARD = gnu11;
				GCC_DYNAMIC_NO_PIC = NO;
				GCC_NO_COMMON_BLOCKS = YES;
				GCC_OPTIMIZATION_LEVEL = 0;
				GCC_PREPROCESSOR_DEFINITIONS = (
					"DEBUG=1",
					"$(inherited)",
				);
				GCC_WARN_64_TO_32_BIT_CONVERSION = YES;
				GCC_WARN_ABOUT_RETURN_TYPE = YES_ERROR;
				GCC_WARN_UNDECLARED_SELECTOR = YES;
				GCC_WARN_UNINITIALIZED_AUTOS = YES_AGGRESSIVE;
				GCC_WARN_UNUSED_FUNCTION = YES;
				GCC_WARN_UNUSED_VARIABLE = YES;
				IPHONEOS_DEPLOYMENT_TARGET = 14.3;
				MTL_ENABLE_DEBUG_INFO = INCLUDE_SOURCE;
				MTL_FAST_MATH = YES;
				ONLY_ACTIVE_ARCH = YES;
				SDKROOT = iphoneos;
				SWIFT_ACTIVE_COMPILATION_CONDITIONS = DEBUG;
				SWIFT_OPTIMIZATION_LEVEL = "-Onone";
			};
			name = Debug;
		};
		1AC994C225A50C730051C6EF /* Release */ = {
			isa = XCBuildConfiguration;
			buildSettings = {
				ALWAYS_SEARCH_USER_PATHS = NO;
				CLANG_ANALYZER_NONNULL = YES;
				CLANG_ANALYZER_NUMBER_OBJECT_CONVERSION = YES_AGGRESSIVE;
				CLANG_CXX_LANGUAGE_STANDARD = "gnu++14";
				CLANG_CXX_LIBRARY = "libc++";
				CLANG_ENABLE_MODULES = YES;
				CLANG_ENABLE_OBJC_ARC = YES;
				CLANG_ENABLE_OBJC_WEAK = YES;
				CLANG_WARN_BLOCK_CAPTURE_AUTORELEASING = YES;
				CLANG_WARN_BOOL_CONVERSION = YES;
				CLANG_WARN_COMMA = YES;
				CLANG_WARN_CONSTANT_CONVERSION = YES;
				CLANG_WARN_DEPRECATED_OBJC_IMPLEMENTATIONS = YES;
				CLANG_WARN_DIRECT_OBJC_ISA_USAGE = YES_ERROR;
				CLANG_WARN_DOCUMENTATION_COMMENTS = YES;
				CLANG_WARN_EMPTY_BODY = YES;
				CLANG_WARN_ENUM_CONVERSION = YES;
				CLANG_WARN_INFINITE_RECURSION = YES;
				CLANG_WARN_INT_CONVERSION = YES;
				CLANG_WARN_NON_LITERAL_NULL_CONVERSION = YES;
				CLANG_WARN_OBJC_IMPLICIT_RETAIN_SELF = YES;
				CLANG_WARN_OBJC_LITERAL_CONVERSION = YES;
				CLANG_WARN_OBJC_ROOT_CLASS = YES_ERROR;
				CLANG_WARN_QUOTED_INCLUDE_IN_FRAMEWORK_HEADER = YES;
				CLANG_WARN_RANGE_LOOP_ANALYSIS = YES;
				CLANG_WARN_STRICT_PROTOTYPES = YES;
				CLANG_WARN_SUSPICIOUS_MOVE = YES;
				CLANG_WARN_UNGUARDED_AVAILABILITY = YES_AGGRESSIVE;
				CLANG_WARN_UNREACHABLE_CODE = YES;
				CLANG_WARN__DUPLICATE_METHOD_MATCH = YES;
				COPY_PHASE_STRIP = NO;
				DEBUG_INFORMATION_FORMAT = "dwarf-with-dsym";
				ENABLE_NS_ASSERTIONS = NO;
				ENABLE_STRICT_OBJC_MSGSEND = YES;
				GCC_C_LANGUAGE_STANDARD = gnu11;
				GCC_NO_COMMON_BLOCKS = YES;
				GCC_WARN_64_TO_32_BIT_CONVERSION = YES;
				GCC_WARN_ABOUT_RETURN_TYPE = YES_ERROR;
				GCC_WARN_UNDECLARED_SELECTOR = YES;
				GCC_WARN_UNINITIALIZED_AUTOS = YES_AGGRESSIVE;
				GCC_WARN_UNUSED_FUNCTION = YES;
				GCC_WARN_UNUSED_VARIABLE = YES;
				IPHONEOS_DEPLOYMENT_TARGET = 14.3;
				MTL_ENABLE_DEBUG_INFO = NO;
				MTL_FAST_MATH = YES;
				SDKROOT = iphoneos;
				SWIFT_COMPILATION_MODE = wholemodule;
				SWIFT_OPTIMIZATION_LEVEL = "-O";
				VALIDATE_PRODUCT = YES;
			};
			name = Release;
		};
		1AC994C425A50C730051C6EF /* Debug */ = {
			isa = XCBuildConfiguration;
			buildSettings = {
				ASSETCATALOG_COMPILER_APPICON_NAME = AppIcon;
				ASSETCATALOG_COMPILER_GLOBAL_ACCENT_COLOR_NAME = AccentColor;
				CODE_SIGN_STYLE = Automatic;
				DEVELOPMENT_ASSET_PATHS = "\"Hearts/Preview Content\"";
				ENABLE_PREVIEWS = YES;
				INFOPLIST_FILE = Hearts/Info.plist;
				IPHONEOS_DEPLOYMENT_TARGET = 14.0;
				LD_RUNPATH_SEARCH_PATHS = (
					"$(inherited)",
					"@executable_path/Frameworks",
				);
				PRODUCT_BUNDLE_IDENTIFIER = com.JDN.Hearts;
				PRODUCT_NAME = "$(TARGET_NAME)";
				SWIFT_VERSION = 5.0;
				TARGETED_DEVICE_FAMILY = "1,2";
			};
			name = Debug;
		};
		1AC994C525A50C730051C6EF /* Release */ = {
			isa = XCBuildConfiguration;
			buildSettings = {
				ASSETCATALOG_COMPILER_APPICON_NAME = AppIcon;
				ASSETCATALOG_COMPILER_GLOBAL_ACCENT_COLOR_NAME = AccentColor;
				CODE_SIGN_STYLE = Automatic;
				DEVELOPMENT_ASSET_PATHS = "\"Hearts/Preview Content\"";
				ENABLE_PREVIEWS = YES;
				INFOPLIST_FILE = Hearts/Info.plist;
				IPHONEOS_DEPLOYMENT_TARGET = 14.0;
				LD_RUNPATH_SEARCH_PATHS = (
					"$(inherited)",
					"@executable_path/Frameworks",
				);
				PRODUCT_BUNDLE_IDENTIFIER = com.JDN.Hearts;
				PRODUCT_NAME = "$(TARGET_NAME)";
				SWIFT_VERSION = 5.0;
				TARGETED_DEVICE_FAMILY = "1,2";
			};
			name = Release;
		};
		1AC994C725A50C730051C6EF /* Debug */ = {
			isa = XCBuildConfiguration;
			buildSettings = {
				ALWAYS_EMBED_SWIFT_STANDARD_LIBRARIES = YES;
				BUNDLE_LOADER = "$(TEST_HOST)";
				CODE_SIGN_STYLE = Automatic;
				INFOPLIST_FILE = HeartsTests/Info.plist;
				IPHONEOS_DEPLOYMENT_TARGET = 14.0;
				LD_RUNPATH_SEARCH_PATHS = (
					"$(inherited)",
					"@executable_path/Frameworks",
					"@loader_path/Frameworks",
				);
				PRODUCT_BUNDLE_IDENTIFIER = com.JDN.HeartsTests;
				PRODUCT_NAME = "$(TARGET_NAME)";
				SWIFT_VERSION = 5.0;
				TARGETED_DEVICE_FAMILY = "1,2";
				TEST_HOST = "$(BUILT_PRODUCTS_DIR)/Hearts.app/Hearts";
			};
			name = Debug;
		};
		1AC994C825A50C730051C6EF /* Release */ = {
			isa = XCBuildConfiguration;
			buildSettings = {
				ALWAYS_EMBED_SWIFT_STANDARD_LIBRARIES = YES;
				BUNDLE_LOADER = "$(TEST_HOST)";
				CODE_SIGN_STYLE = Automatic;
				INFOPLIST_FILE = HeartsTests/Info.plist;
				IPHONEOS_DEPLOYMENT_TARGET = 14.0;
				LD_RUNPATH_SEARCH_PATHS = (
					"$(inherited)",
					"@executable_path/Frameworks",
					"@loader_path/Frameworks",
				);
				PRODUCT_BUNDLE_IDENTIFIER = com.JDN.HeartsTests;
				PRODUCT_NAME = "$(TARGET_NAME)";
				SWIFT_VERSION = 5.0;
				TARGETED_DEVICE_FAMILY = "1,2";
				TEST_HOST = "$(BUILT_PRODUCTS_DIR)/Hearts.app/Hearts";
			};
			name = Release;
		};
		1AC994CA25A50C730051C6EF /* Debug */ = {
			isa = XCBuildConfiguration;
			buildSettings = {
				ALWAYS_EMBED_SWIFT_STANDARD_LIBRARIES = YES;
				CODE_SIGN_STYLE = Automatic;
				INFOPLIST_FILE = HeartsUITests/Info.plist;
				LD_RUNPATH_SEARCH_PATHS = (
					"$(inherited)",
					"@executable_path/Frameworks",
					"@loader_path/Frameworks",
				);
				PRODUCT_BUNDLE_IDENTIFIER = com.JDN.HeartsUITests;
				PRODUCT_NAME = "$(TARGET_NAME)";
				SWIFT_VERSION = 5.0;
				TARGETED_DEVICE_FAMILY = "1,2";
				TEST_TARGET_NAME = Hearts;
			};
			name = Debug;
		};
		1AC994CB25A50C730051C6EF /* Release */ = {
			isa = XCBuildConfiguration;
			buildSettings = {
				ALWAYS_EMBED_SWIFT_STANDARD_LIBRARIES = YES;
				CODE_SIGN_STYLE = Automatic;
				INFOPLIST_FILE = HeartsUITests/Info.plist;
				LD_RUNPATH_SEARCH_PATHS = (
					"$(inherited)",
					"@executable_path/Frameworks",
					"@loader_path/Frameworks",
				);
				PRODUCT_BUNDLE_IDENTIFIER = com.JDN.HeartsUITests;
				PRODUCT_NAME = "$(TARGET_NAME)";
				SWIFT_VERSION = 5.0;
				TARGETED_DEVICE_FAMILY = "1,2";
				TEST_TARGET_NAME = Hearts;
			};
			name = Release;
		};
/* End XCBuildConfiguration section */

/* Begin XCConfigurationList section */
		1AC9949425A50C720051C6EF /* Build configuration list for PBXProject "Hearts" */ = {
			isa = XCConfigurationList;
			buildConfigurations = (
				1AC994C125A50C730051C6EF /* Debug */,
				1AC994C225A50C730051C6EF /* Release */,
			);
			defaultConfigurationIsVisible = 0;
			defaultConfigurationName = Release;
		};
		1AC994C325A50C730051C6EF /* Build configuration list for PBXNativeTarget "Hearts" */ = {
			isa = XCConfigurationList;
			buildConfigurations = (
				1AC994C425A50C730051C6EF /* Debug */,
				1AC994C525A50C730051C6EF /* Release */,
			);
			defaultConfigurationIsVisible = 0;
			defaultConfigurationName = Release;
		};
		1AC994C625A50C730051C6EF /* Build configuration list for PBXNativeTarget "HeartsTests" */ = {
			isa = XCConfigurationList;
			buildConfigurations = (
				1AC994C725A50C730051C6EF /* Debug */,
				1AC994C825A50C730051C6EF /* Release */,
			);
			defaultConfigurationIsVisible = 0;
			defaultConfigurationName = Release;
		};
		1AC994C925A50C730051C6EF /* Build configuration list for PBXNativeTarget "HeartsUITests" */ = {
			isa = XCConfigurationList;
			buildConfigurations = (
				1AC994CA25A50C730051C6EF /* Debug */,
				1AC994CB25A50C730051C6EF /* Release */,
			);
			defaultConfigurationIsVisible = 0;
			defaultConfigurationName = Release;
		};
/* End XCConfigurationList section */

/* Begin XCVersionGroup section */
		1AC994A725A50C730051C6EF /* Hearts.xcdatamodeld */ = {
			isa = XCVersionGroup;
			children = (
				1AC994A825A50C730051C6EF /* Hearts.xcdatamodel */,
			);
			currentVersion = 1AC994A825A50C730051C6EF /* Hearts.xcdatamodel */;
			path = Hearts.xcdatamodeld;
			sourceTree = "<group>";
			versionGroupType = wrapper.xcdatamodel;
		};
/* End XCVersionGroup section */
	};
	rootObject = 1AC9949125A50C720051C6EF /* Project object */;
}
